
Microsoft Visual Studio Solution File, Format Version 12.00
# Visual Studio Version 16
VisualStudioVersion = 16.0.28729.10
MinimumVisualStudioVersion = 10.0.40219.1
Project("{FAE04EC0-301F-11D3-BF4B-00C04F79EFBC}") = "AutoStore", "AutoStore\AutoStore.csproj", "{82D3A051-926C-4731-B43F-CEF561A4FDAC}"
EndProject
Project("{FAE04EC0-301F-11D3-BF4B-00C04F79EFBC}") = "AutoStore.Logic", "AutoStore.Logic\AutoStore.Logic.csproj", "{FD5948EC-2F11-41B8-BD37-5ABBEBD56F18}"
EndProject
Global
	GlobalSection(SolutionConfigurationPlatforms) = preSolution
		Debug|Any CPU = Debug|Any CPU
		Release|Any CPU = Release|Any CPU
	EndGlobalSection
	GlobalSection(ProjectConfigurationPlatforms) = postSolution
		{82D3A051-926C-4731-B43F-CEF561A4FDAC}.Debug|Any CPU.ActiveCfg = Debug|Any CPU
		{82D3A051-926C-4731-B43F-CEF561A4FDAC}.Debug|Any CPU.Build.0 = Debug|Any CPU
		{82D3A051-926C-4731-B43F-CEF561A4FDAC}.Release|Any CPU.ActiveCfg = Release|Any CPU
		{82D3A051-926C-4731-B43F-CEF561A4FDAC}.Release|Any CPU.Build.0 = Release|Any CPU
		{FD5948EC-2F11-41B8-BD37-5ABBEBD56F18}.Debug|Any CPU.ActiveCfg = Debug|Any CPU
		{FD5948EC-2F11-41B8-BD37-5ABBEBD56F18}.Debug|Any CPU.Build.0 = Debug|Any CPU
		{FD5948EC-2F11-41B8-BD37-5ABBEBD56F18}.Release|Any CPU.ActiveCfg = Release|Any CPU
		{FD5948EC-2F11-41B8-BD37-5ABBEBD56F18}.Release|Any CPU.Build.0 = Release|Any CPU
	EndGlobalSection
	GlobalSection(SolutionProperties) = preSolution
		HideSolutionNode = FALSE
	EndGlobalSection
	GlobalSection(ExtensibilityGlobals) = postSolution
		SolutionGuid = {D8983673-D0CE-414B-A80D-84B571D7FF57}
	EndGlobalSection
EndGlobal
